// !$*UTF8*$!
{
	archiveVersion = 1;
	classes = {
	};
	objectVersion = 50;
	objects = {

/* Begin PBXBuildFile section */
		1630B76D231F9E92001FC914 /* FYNetworkMonitorBaseDataModel.m in Sources */ = {isa = PBXBuildFile; fileRef = 1630B76C231F9E92001FC914 /* FYNetworkMonitorBaseDataModel.m */; };
		1630B770231FA120001FC914 /* FYNetworkMonitorDataModel.m in Sources */ = {isa = PBXBuildFile; fileRef = 1630B76F231FA120001FC914 /* FYNetworkMonitorDataModel.m */; };
		1630B773231FA157001FC914 /* FYNetworkMonitorErrorDataModel.m in Sources */ = {isa = PBXBuildFile; fileRef = 1630B772231FA157001FC914 /* FYNetworkMonitorErrorDataModel.m */; };
		1683F0582318CDD200951F4E /* FYURLProtocol.m in Sources */ = {isa = PBXBuildFile; fileRef = 1683F0572318CDD200951F4E /* FYURLProtocol.m */; };
		1683F05B2318FE1C00951F4E /* NSURLSession+FY.m in Sources */ = {isa = PBXBuildFile; fileRef = 1683F05A2318FE1C00951F4E /* NSURLSession+FY.m */; };
		1683F06223190E0A00951F4E /* QN_GTM_Base64.m in Sources */ = {isa = PBXBuildFile; fileRef = 1683F06123190E0A00951F4E /* QN_GTM_Base64.m */; };
		1683F06523190E1A00951F4E /* QNUrlSafeBase64.m in Sources */ = {isa = PBXBuildFile; fileRef = 1683F06323190E1A00951F4E /* QNUrlSafeBase64.m */; };
		1697795423180C9000208C43 /* AppDelegate.m in Sources */ = {isa = PBXBuildFile; fileRef = 1697795323180C9000208C43 /* AppDelegate.m */; };
		1697795723180C9000208C43 /* ViewController.m in Sources */ = {isa = PBXBuildFile; fileRef = 1697795623180C9000208C43 /* ViewController.m */; };
		1697795A23180C9000208C43 /* Main.storyboard in Resources */ = {isa = PBXBuildFile; fileRef = 1697795823180C9000208C43 /* Main.storyboard */; };
		1697795C23180C9200208C43 /* Assets.xcassets in Resources */ = {isa = PBXBuildFile; fileRef = 1697795B23180C9200208C43 /* Assets.xcassets */; };
		1697795F23180C9200208C43 /* LaunchScreen.storyboard in Resources */ = {isa = PBXBuildFile; fileRef = 1697795D23180C9200208C43 /* LaunchScreen.storyboard */; };
		1697796223180C9200208C43 /* main.m in Sources */ = {isa = PBXBuildFile; fileRef = 1697796123180C9200208C43 /* main.m */; };
		1697796C23180C9200208C43 /* FYHttpURLProtocolTests.m in Sources */ = {isa = PBXBuildFile; fileRef = 1697796B23180C9200208C43 /* FYHttpURLProtocolTests.m */; };
		1697797723180C9200208C43 /* FYHttpURLProtocolUITests.m in Sources */ = {isa = PBXBuildFile; fileRef = 1697797623180C9200208C43 /* FYHttpURLProtocolUITests.m */; };
/* End PBXBuildFile section */

/* Begin PBXContainerItemProxy section */
		1697796823180C9200208C43 /* PBXContainerItemProxy */ = {
			isa = PBXContainerItemProxy;
			containerPortal = 1697794723180C9000208C43 /* Project object */;
			proxyType = 1;
			remoteGlobalIDString = 1697794E23180C9000208C43;
			remoteInfo = FYHttpURLProtocol;
		};
		1697797323180C9200208C43 /* PBXContainerItemProxy */ = {
			isa = PBXContainerItemProxy;
			containerPortal = 1697794723180C9000208C43 /* Project object */;
			proxyType = 1;
			remoteGlobalIDString = 1697794E23180C9000208C43;
			remoteInfo = FYHttpURLProtocol;
		};
/* End PBXContainerItemProxy section */

/* Begin PBXFileReference section */
		1630B76B231F9E92001FC914 /* FYNetworkMonitorBaseDataModel.h */ = {isa = PBXFileReference; lastKnownFileType = sourcecode.c.h; path = FYNetworkMonitorBaseDataModel.h; sourceTree = "<group>"; };
		1630B76C231F9E92001FC914 /* FYNetworkMonitorBaseDataModel.m */ = {isa = PBXFileReference; lastKnownFileType = sourcecode.c.objc; path = FYNetworkMonitorBaseDataModel.m; sourceTree = "<group>"; };
		1630B76E231FA120001FC914 /* FYNetworkMonitorDataModel.h */ = {isa = PBXFileReference; lastKnownFileType = sourcecode.c.h; path = FYNetworkMonitorDataModel.h; sourceTree = "<group>"; };
		1630B76F231FA120001FC914 /* FYNetworkMonitorDataModel.m */ = {isa = PBXFileReference; lastKnownFileType = sourcecode.c.objc; path = FYNetworkMonitorDataModel.m; sourceTree = "<group>"; };
		1630B771231FA157001FC914 /* FYNetworkMonitorErrorDataModel.h */ = {isa = PBXFileReference; lastKnownFileType = sourcecode.c.h; path = FYNetworkMonitorErrorDataModel.h; sourceTree = "<group>"; };
		1630B772231FA157001FC914 /* FYNetworkMonitorErrorDataModel.m */ = {isa = PBXFileReference; lastKnownFileType = sourcecode.c.objc; path = FYNetworkMonitorErrorDataModel.m; sourceTree = "<group>"; };
		1683F0562318CDD200951F4E /* FYURLProtocol.h */ = {isa = PBXFileReference; lastKnownFileType = sourcecode.c.h; name = FYURLProtocol.h; path = FYHttpURLProtocol/Utils/FYURLProtocol.h; sourceTree = SOURCE_ROOT; };
		1683F0572318CDD200951F4E /* FYURLProtocol.m */ = {isa = PBXFileReference; lastKnownFileType = sourcecode.c.objc; name = FYURLProtocol.m; path = FYHttpURLProtocol/Utils/FYURLProtocol.m; sourceTree = SOURCE_ROOT; };
		1683F0592318FE1C00951F4E /* NSURLSession+FY.h */ = {isa = PBXFileReference; lastKnownFileType = sourcecode.c.h; name = "NSURLSession+FY.h"; path = "../NSURLSession+FY.h"; sourceTree = "<group>"; };
		1683F05A2318FE1C00951F4E /* NSURLSession+FY.m */ = {isa = PBXFileReference; lastKnownFileType = sourcecode.c.objc; name = "NSURLSession+FY.m"; path = "../NSURLSession+FY.m"; sourceTree = "<group>"; };
		1683F06023190E0900951F4E /* QN_GTM_Base64.h */ = {isa = PBXFileReference; fileEncoding = 4; lastKnownFileType = sourcecode.c.h; path = QN_GTM_Base64.h; sourceTree = "<group>"; };
		1683F06123190E0A00951F4E /* QN_GTM_Base64.m */ = {isa = PBXFileReference; fileEncoding = 4; lastKnownFileType = sourcecode.c.objc; path = QN_GTM_Base64.m; sourceTree = "<group>"; };
		1683F06323190E1A00951F4E /* QNUrlSafeBase64.m */ = {isa = PBXFileReference; fileEncoding = 4; lastKnownFileType = sourcecode.c.objc; path = QNUrlSafeBase64.m; sourceTree = "<group>"; };
		1683F06423190E1A00951F4E /* QNUrlSafeBase64.h */ = {isa = PBXFileReference; fileEncoding = 4; lastKnownFileType = sourcecode.c.h; path = QNUrlSafeBase64.h; sourceTree = "<group>"; };
		1697794F23180C9000208C43 /* FYHttpURLProtocol.app */ = {isa = PBXFileReference; explicitFileType = wrapper.application; includeInIndex = 0; path = FYHttpURLProtocol.app; sourceTree = BUILT_PRODUCTS_DIR; };
		1697795223180C9000208C43 /* AppDelegate.h */ = {isa = PBXFileReference; lastKnownFileType = sourcecode.c.h; path = AppDelegate.h; sourceTree = "<group>"; };
		1697795323180C9000208C43 /* AppDelegate.m */ = {isa = PBXFileReference; lastKnownFileType = sourcecode.c.objc; path = AppDelegate.m; sourceTree = "<group>"; };
		1697795523180C9000208C43 /* ViewController.h */ = {isa = PBXFileReference; lastKnownFileType = sourcecode.c.h; path = ViewController.h; sourceTree = "<group>"; };
		1697795623180C9000208C43 /* ViewController.m */ = {isa = PBXFileReference; lastKnownFileType = sourcecode.c.objc; path = ViewController.m; sourceTree = "<group>"; };
		1697795923180C9000208C43 /* Base */ = {isa = PBXFileReference; lastKnownFileType = file.storyboard; name = Base; path = Base.lproj/Main.storyboard; sourceTree = "<group>"; };
		1697795B23180C9200208C43 /* Assets.xcassets */ = {isa = PBXFileReference; lastKnownFileType = folder.assetcatalog; path = Assets.xcassets; sourceTree = "<group>"; };
		1697795E23180C9200208C43 /* Base */ = {isa = PBXFileReference; lastKnownFileType = file.storyboard; name = Base; path = Base.lproj/LaunchScreen.storyboard; sourceTree = "<group>"; };
		1697796023180C9200208C43 /* Info.plist */ = {isa = PBXFileReference; lastKnownFileType = text.plist.xml; path = Info.plist; sourceTree = "<group>"; };
		1697796123180C9200208C43 /* main.m */ = {isa = PBXFileReference; lastKnownFileType = sourcecode.c.objc; path = main.m; sourceTree = "<group>"; };
		1697796723180C9200208C43 /* FYHttpURLProtocolTests.xctest */ = {isa = PBXFileReference; explicitFileType = wrapper.cfbundle; includeInIndex = 0; path = FYHttpURLProtocolTests.xctest; sourceTree = BUILT_PRODUCTS_DIR; };
		1697796B23180C9200208C43 /* FYHttpURLProtocolTests.m */ = {isa = PBXFileReference; lastKnownFileType = sourcecode.c.objc; path = FYHttpURLProtocolTests.m; sourceTree = "<group>"; };
		1697796D23180C9200208C43 /* Info.plist */ = {isa = PBXFileReference; lastKnownFileType = text.plist.xml; path = Info.plist; sourceTree = "<group>"; };
		1697797223180C9200208C43 /* FYHttpURLProtocolUITests.xctest */ = {isa = PBXFileReference; explicitFileType = wrapper.cfbundle; includeInIndex = 0; path = FYHttpURLProtocolUITests.xctest; sourceTree = BUILT_PRODUCTS_DIR; };
		1697797623180C9200208C43 /* FYHttpURLProtocolUITests.m */ = {isa = PBXFileReference; lastKnownFileType = sourcecode.c.objc; path = FYHttpURLProtocolUITests.m; sourceTree = "<group>"; };
		1697797823180C9200208C43 /* Info.plist */ = {isa = PBXFileReference; lastKnownFileType = text.plist.xml; path = Info.plist; sourceTree = "<group>"; };
/* End PBXFileReference section */

/* Begin PBXFrameworksBuildPhase section */
		1697794C23180C9000208C43 /* Frameworks */ = {
			isa = PBXFrameworksBuildPhase;
			buildActionMask = 2147483647;
			files = (
			);
			runOnlyForDeploymentPostprocessing = 0;
		};
		1697796423180C9200208C43 /* Frameworks */ = {
			isa = PBXFrameworksBuildPhase;
			buildActionMask = 2147483647;
			files = (
			);
			runOnlyForDeploymentPostprocessing = 0;
		};
		1697796F23180C9200208C43 /* Frameworks */ = {
			isa = PBXFrameworksBuildPhase;
			buildActionMask = 2147483647;
			files = (
			);
			runOnlyForDeploymentPostprocessing = 0;
		};
/* End PBXFrameworksBuildPhase section */

/* Begin PBXGroup section */
		1630B76A231F9E3F001FC914 /* MonitorDataModel */ = {
			isa = PBXGroup;
			children = (
				1630B76B231F9E92001FC914 /* FYNetworkMonitorBaseDataModel.h */,
				1630B76C231F9E92001FC914 /* FYNetworkMonitorBaseDataModel.m */,
				1630B76E231FA120001FC914 /* FYNetworkMonitorDataModel.h */,
				1630B76F231FA120001FC914 /* FYNetworkMonitorDataModel.m */,
				1630B771231FA157001FC914 /* FYNetworkMonitorErrorDataModel.h */,
				1630B772231FA157001FC914 /* FYNetworkMonitorErrorDataModel.m */,
			);
			path = MonitorDataModel;
			sourceTree = "<group>";
		};
		1683F0552318CDB800951F4E /* Utils */ = {
			isa = PBXGroup;
			children = (
				1683F05F23190DF600951F4E /* GTMBase64 */,
				1683F05E23190D9D00951F4E /* FYURLProtocol */,
			);
			path = Utils;
			sourceTree = "<group>";
		};
		1683F05E23190D9D00951F4E /* FYURLProtocol */ = {
			isa = PBXGroup;
			children = (
				1630B76A231F9E3F001FC914 /* MonitorDataModel */,
				1683F0562318CDD200951F4E /* FYURLProtocol.h */,
				1683F0572318CDD200951F4E /* FYURLProtocol.m */,
				1683F0592318FE1C00951F4E /* NSURLSession+FY.h */,
				1683F05A2318FE1C00951F4E /* NSURLSession+FY.m */,
			);
			path = FYURLProtocol;
			sourceTree = "<group>";
		};
		1683F05F23190DF600951F4E /* GTMBase64 */ = {
			isa = PBXGroup;
			children = (
				1683F06423190E1A00951F4E /* QNUrlSafeBase64.h */,
				1683F06323190E1A00951F4E /* QNUrlSafeBase64.m */,
				1683F06023190E0900951F4E /* QN_GTM_Base64.h */,
				1683F06123190E0A00951F4E /* QN_GTM_Base64.m */,
			);
			path = GTMBase64;
			sourceTree = "<group>";
		};
		1697794623180C9000208C43 = {
			isa = PBXGroup;
			children = (
				1697795123180C9000208C43 /* FYHttpURLProtocol */,
				1697796A23180C9200208C43 /* FYHttpURLProtocolTests */,
				1697797523180C9200208C43 /* FYHttpURLProtocolUITests */,
				1697795023180C9000208C43 /* Products */,
			);
			sourceTree = "<group>";
		};
		1697795023180C9000208C43 /* Products */ = {
			isa = PBXGroup;
			children = (
				1697794F23180C9000208C43 /* FYHttpURLProtocol.app */,
				1697796723180C9200208C43 /* FYHttpURLProtocolTests.xctest */,
				1697797223180C9200208C43 /* FYHttpURLProtocolUITests.xctest */,
			);
			name = Products;
			sourceTree = "<group>";
		};
		1697795123180C9000208C43 /* FYHttpURLProtocol */ = {
			isa = PBXGroup;
			children = (
				1683F0552318CDB800951F4E /* Utils */,
				1697795223180C9000208C43 /* AppDelegate.h */,
				1697795323180C9000208C43 /* AppDelegate.m */,
				1697795523180C9000208C43 /* ViewController.h */,
				1697795623180C9000208C43 /* ViewController.m */,
				1697795823180C9000208C43 /* Main.storyboard */,
				1697795B23180C9200208C43 /* Assets.xcassets */,
				1697795D23180C9200208C43 /* LaunchScreen.storyboard */,
				1697796023180C9200208C43 /* Info.plist */,
				1697796123180C9200208C43 /* main.m */,
			);
			path = FYHttpURLProtocol;
			sourceTree = "<group>";
		};
		1697796A23180C9200208C43 /* FYHttpURLProtocolTests */ = {
			isa = PBXGroup;
			children = (
				1697796B23180C9200208C43 /* FYHttpURLProtocolTests.m */,
				1697796D23180C9200208C43 /* Info.plist */,
			);
			path = FYHttpURLProtocolTests;
			sourceTree = "<group>";
		};
		1697797523180C9200208C43 /* FYHttpURLProtocolUITests */ = {
			isa = PBXGroup;
			children = (
				1697797623180C9200208C43 /* FYHttpURLProtocolUITests.m */,
				1697797823180C9200208C43 /* Info.plist */,
			);
			path = FYHttpURLProtocolUITests;
			sourceTree = "<group>";
		};
/* End PBXGroup section */

/* Begin PBXNativeTarget section */
		1697794E23180C9000208C43 /* FYHttpURLProtocol */ = {
			isa = PBXNativeTarget;
			buildConfigurationList = 1697797B23180C9200208C43 /* Build configuration list for PBXNativeTarget "FYHttpURLProtocol" */;
			buildPhases = (
				1697794B23180C9000208C43 /* Sources */,
				1697794C23180C9000208C43 /* Frameworks */,
				1697794D23180C9000208C43 /* Resources */,
			);
			buildRules = (
			);
			dependencies = (
			);
			name = FYHttpURLProtocol;
			productName = FYHttpURLProtocol;
			productReference = 1697794F23180C9000208C43 /* FYHttpURLProtocol.app */;
			productType = "com.apple.product-type.application";
		};
		1697796623180C9200208C43 /* FYHttpURLProtocolTests */ = {
			isa = PBXNativeTarget;
			buildConfigurationList = 1697797E23180C9200208C43 /* Build configuration list for PBXNativeTarget "FYHttpURLProtocolTests" */;
			buildPhases = (
				1697796323180C9200208C43 /* Sources */,
				1697796423180C9200208C43 /* Frameworks */,
				1697796523180C9200208C43 /* Resources */,
			);
			buildRules = (
			);
			dependencies = (
				1697796923180C9200208C43 /* PBXTargetDependency */,
			);
			name = FYHttpURLProtocolTests;
			productName = FYHttpURLProtocolTests;
			productReference = 1697796723180C9200208C43 /* FYHttpURLProtocolTests.xctest */;
			productType = "com.apple.product-type.bundle.unit-test";
		};
		1697797123180C9200208C43 /* FYHttpURLProtocolUITests */ = {
			isa = PBXNativeTarget;
			buildConfigurationList = 1697798123180C9200208C43 /* Build configuration list for PBXNativeTarget "FYHttpURLProtocolUITests" */;
			buildPhases = (
				1697796E23180C9200208C43 /* Sources */,
				1697796F23180C9200208C43 /* Frameworks */,
				1697797023180C9200208C43 /* Resources */,
			);
			buildRules = (
			);
			dependencies = (
				1697797423180C9200208C43 /* PBXTargetDependency */,
			);
			name = FYHttpURLProtocolUITests;
			productName = FYHttpURLProtocolUITests;
			productReference = 1697797223180C9200208C43 /* FYHttpURLProtocolUITests.xctest */;
			productType = "com.apple.product-type.bundle.ui-testing";
		};
/* End PBXNativeTarget section */

/* Begin PBXProject section */
		1697794723180C9000208C43 /* Project object */ = {
			isa = PBXProject;
			attributes = {
				LastUpgradeCheck = 1020;
				ORGANIZATIONNAME = xuehu;
				TargetAttributes = {
					1697794E23180C9000208C43 = {
						CreatedOnToolsVersion = 10.2.1;
					};
					1697796623180C9200208C43 = {
						CreatedOnToolsVersion = 10.2.1;
						TestTargetID = 1697794E23180C9000208C43;
					};
					1697797123180C9200208C43 = {
						CreatedOnToolsVersion = 10.2.1;
						TestTargetID = 1697794E23180C9000208C43;
					};
				};
			};
			buildConfigurationList = 1697794A23180C9000208C43 /* Build configuration list for PBXProject "FYHttpURLProtocol" */;
			compatibilityVersion = "Xcode 9.3";
			developmentRegion = en;
			hasScannedForEncodings = 0;
			knownRegions = (
				en,
				Base,
			);
			mainGroup = 1697794623180C9000208C43;
			productRefGroup = 1697795023180C9000208C43 /* Products */;
			projectDirPath = "";
			projectRoot = "";
			targets = (
				1697794E23180C9000208C43 /* FYHttpURLProtocol */,
				1697796623180C9200208C43 /* FYHttpURLProtocolTests */,
				1697797123180C9200208C43 /* FYHttpURLProtocolUITests */,
			);
		};
/* End PBXProject section */

/* Begin PBXResourcesBuildPhase section */
		1697794D23180C9000208C43 /* Resources */ = {
			isa = PBXResourcesBuildPhase;
			buildActionMask = 2147483647;
			files = (
				1697795F23180C9200208C43 /* LaunchScreen.storyboard in Resources */,
				1697795C23180C9200208C43 /* Assets.xcassets in Resources */,
				1697795A23180C9000208C43 /* Main.storyboard in Resources */,
			);
			runOnlyForDeploymentPostprocessing = 0;
		};
		1697796523180C9200208C43 /* Resources */ = {
			isa = PBXResourcesBuildPhase;
			buildActionMask = 2147483647;
			files = (
			);
			runOnlyForDeploymentPostprocessing = 0;
		};
		1697797023180C9200208C43 /* Resources */ = {
			isa = PBXResourcesBuildPhase;
			buildActionMask = 2147483647;
			files = (
			);
			runOnlyForDeploymentPostprocessing = 0;
		};
/* End PBXResourcesBuildPhase section */

/* Begin PBXSourcesBuildPhase section */
		1697794B23180C9000208C43 /* Sources */ = {
			isa = PBXSourcesBuildPhase;
			buildActionMask = 2147483647;
			files = (
				1697795723180C9000208C43 /* ViewController.m in Sources */,
				1630B770231FA120001FC914 /* FYNetworkMonitorDataModel.m in Sources */,
				1630B773231FA157001FC914 /* FYNetworkMonitorErrorDataModel.m in Sources */,
				1630B76D231F9E92001FC914 /* FYNetworkMonitorBaseDataModel.m in Sources */,
				1683F06523190E1A00951F4E /* QNUrlSafeBase64.m in Sources */,
				1697796223180C9200208C43 /* main.m in Sources */,
				1683F06223190E0A00951F4E /* QN_GTM_Base64.m in Sources */,
				1683F05B2318FE1C00951F4E /* NSURLSession+FY.m in Sources */,
				1683F0582318CDD200951F4E /* FYURLProtocol.m in Sources */,
				1697795423180C9000208C43 /* AppDelegate.m in Sources */,
			);
			runOnlyForDeploymentPostprocessing = 0;
		};
		1697796323180C9200208C43 /* Sources */ = {
			isa = PBXSourcesBuildPhase;
			buildActionMask = 2147483647;
			files = (
				1697796C23180C9200208C43 /* FYHttpURLProtocolTests.m in Sources */,
			);
			runOnlyForDeploymentPostprocessing = 0;
		};
		1697796E23180C9200208C43 /* Sources */ = {
			isa = PBXSourcesBuildPhase;
			buildActionMask = 2147483647;
			files = (
				1697797723180C9200208C43 /* FYHttpURLProtocolUITests.m in Sources */,
			);
			runOnlyForDeploymentPostprocessing = 0;
		};
/* End PBXSourcesBuildPhase section */

/* Begin PBXTargetDependency section */
		1697796923180C9200208C43 /* PBXTargetDependency */ = {
			isa = PBXTargetDependency;
			target = 1697794E23180C9000208C43 /* FYHttpURLProtocol */;
			targetProxy = 1697796823180C9200208C43 /* PBXContainerItemProxy */;
		};
		1697797423180C9200208C43 /* PBXTargetDependency */ = {
			isa = PBXTargetDependency;
			target = 1697794E23180C9000208C43 /* FYHttpURLProtocol */;
			targetProxy = 1697797323180C9200208C43 /* PBXContainerItemProxy */;
		};
/* End PBXTargetDependency section */

/* Begin PBXVariantGroup section */
		1697795823180C9000208C43 /* Main.storyboard */ = {
			isa = PBXVariantGroup;
			children = (
				1697795923180C9000208C43 /* Base */,
			);
			name = Main.storyboard;
			sourceTree = "<group>";
		};
		1697795D23180C9200208C43 /* LaunchScreen.storyboard */ = {
			isa = PBXVariantGroup;
			children = (
				1697795E23180C9200208C43 /* Base */,
			);
			name = LaunchScreen.storyboard;
			sourceTree = "<group>";
		};
/* End PBXVariantGroup section */

/* Begin XCBuildConfiguration section */
		1697797923180C9200208C43 /* Debug */ = {
			isa = XCBuildConfiguration;
			buildSettings = {
				ALWAYS_SEARCH_USER_PATHS = NO;
				CLANG_ANALYZER_NONNULL = YES;
				CLANG_ANALYZER_NUMBER_OBJECT_CONVERSION = YES_AGGRESSIVE;
				CLANG_CXX_LANGUAGE_STANDARD = "gnu++14";
				CLANG_CXX_LIBRARY = "libc++";
				CLANG_ENABLE_MODULES = YES;
				CLANG_ENABLE_OBJC_ARC = YES;
				CLANG_ENABLE_OBJC_WEAK = YES;
				CLANG_WARN_BLOCK_CAPTURE_AUTORELEASING = YES;
				CLANG_WARN_BOOL_CONVERSION = YES;
				CLANG_WARN_COMMA = YES;
				CLANG_WARN_CONSTANT_CONVERSION = YES;
				CLANG_WARN_DEPRECATED_OBJC_IMPLEMENTATIONS = YES;
				CLANG_WARN_DIRECT_OBJC_ISA_USAGE = YES_ERROR;
				CLANG_WARN_DOCUMENTATION_COMMENTS = YES;
				CLANG_WARN_EMPTY_BODY = YES;
				CLANG_WARN_ENUM_CONVERSION = YES;
				CLANG_WARN_INFINITE_RECURSION = YES;
				CLANG_WARN_INT_CONVERSION = YES;
				CLANG_WARN_NON_LITERAL_NULL_CONVERSION = YES;
				CLANG_WARN_OBJC_IMPLICIT_RETAIN_SELF = YES;
				CLANG_WARN_OBJC_LITERAL_CONVERSION = YES;
				CLANG_WARN_OBJC_ROOT_CLASS = YES_ERROR;
				CLANG_WARN_RANGE_LOOP_ANALYSIS = YES;
				CLANG_WARN_STRICT_PROTOTYPES = YES;
				CLANG_WARN_SUSPICIOUS_MOVE = YES;
				CLANG_WARN_UNGUARDED_AVAILABILITY = YES_AGGRESSIVE;
				CLANG_WARN_UNREACHABLE_CODE = YES;
				CLANG_WARN__DUPLICATE_METHOD_MATCH = YES;
				CODE_SIGN_IDENTITY = "iPhone Developer";
				COPY_PHASE_STRIP = NO;
				DEBUG_INFORMATION_FORMAT = dwarf;
				ENABLE_STRICT_OBJC_MSGSEND = YES;
				ENABLE_TESTABILITY = YES;
				GCC_C_LANGUAGE_STANDARD = gnu11;
				GCC_DYNAMIC_NO_PIC = NO;
				GCC_NO_COMMON_BLOCKS = YES;
				GCC_OPTIMIZATION_LEVEL = 0;
				GCC_PREPROCESSOR_DEFINITIONS = (
					"DEBUG=1",
					"$(inherited)",
				);
				GCC_WARN_64_TO_32_BIT_CONVERSION = YES;
				GCC_WARN_ABOUT_RETURN_TYPE = YES_ERROR;
				GCC_WARN_UNDECLARED_SELECTOR = YES;
				GCC_WARN_UNINITIALIZED_AUTOS = YES_AGGRESSIVE;
				GCC_WARN_UNUSED_FUNCTION = YES;
				GCC_WARN_UNUSED_VARIABLE = YES;
				IPHONEOS_DEPLOYMENT_TARGET = 12.2;
				MTL_ENABLE_DEBUG_INFO = INCLUDE_SOURCE;
				MTL_FAST_MATH = YES;
				ONLY_ACTIVE_ARCH = YES;
				SDKROOT = iphoneos;
			};
			name = Debug;
		};
		1697797A23180C9200208C43 /* Release */ = {
			isa = XCBuildConfiguration;
			buildSettings = {
				ALWAYS_SEARCH_USER_PATHS = NO;
				CLANG_ANALYZER_NONNULL = YES;
				CLANG_ANALYZER_NUMBER_OBJECT_CONVERSION = YES_AGGRESSIVE;
				CLANG_CXX_LANGUAGE_STANDARD = "gnu++14";
				CLANG_CXX_LIBRARY = "libc++";
				CLANG_ENABLE_MODULES = YES;
				CLANG_ENABLE_OBJC_ARC = YES;
				CLANG_ENABLE_OBJC_WEAK = YES;
				CLANG_WARN_BLOCK_CAPTURE_AUTORELEASING = YES;
				CLANG_WARN_BOOL_CONVERSION = YES;
				CLANG_WARN_COMMA = YES;
				CLANG_WARN_CONSTANT_CONVERSION = YES;
				CLANG_WARN_DEPRECATED_OBJC_IMPLEMENTATIONS = YES;
				CLANG_WARN_DIRECT_OBJC_ISA_USAGE = YES_ERROR;
				CLANG_WARN_DOCUMENTATION_COMMENTS = YES;
				CLANG_WARN_EMPTY_BODY = YES;
				CLANG_WARN_ENUM_CONVERSION = YES;
				CLANG_WARN_INFINITE_RECURSION = YES;
				CLANG_WARN_INT_CONVERSION = YES;
				CLANG_WARN_NON_LITERAL_NULL_CONVERSION = YES;
				CLANG_WARN_OBJC_IMPLICIT_RETAIN_SELF = YES;
				CLANG_WARN_OBJC_LITERAL_CONVERSION = YES;
				CLANG_WARN_OBJC_ROOT_CLASS = YES_ERROR;
				CLANG_WARN_RANGE_LOOP_ANALYSIS = YES;
				CLANG_WARN_STRICT_PROTOTYPES = YES;
				CLANG_WARN_SUSPICIOUS_MOVE = YES;
				CLANG_WARN_UNGUARDED_AVAILABILITY = YES_AGGRESSIVE;
				CLANG_WARN_UNREACHABLE_CODE = YES;
				CLANG_WARN__DUPLICATE_METHOD_MATCH = YES;
				CODE_SIGN_IDENTITY = "iPhone Developer";
				COPY_PHASE_STRIP = NO;
				DEBUG_INFORMATION_FORMAT = "dwarf-with-dsym";
				ENABLE_NS_ASSERTIONS = NO;
				ENABLE_STRICT_OBJC_MSGSEND = YES;
				GCC_C_LANGUAGE_STANDARD = gnu11;
				GCC_NO_COMMON_BLOCKS = YES;
				GCC_WARN_64_TO_32_BIT_CONVERSION = YES;
				GCC_WARN_ABOUT_RETURN_TYPE = YES_ERROR;
				GCC_WARN_UNDECLARED_SELECTOR = YES;
				GCC_WARN_UNINITIALIZED_AUTOS = YES_AGGRESSIVE;
				GCC_WARN_UNUSED_FUNCTION = YES;
				GCC_WARN_UNUSED_VARIABLE = YES;
				IPHONEOS_DEPLOYMENT_TARGET = 12.2;
				MTL_ENABLE_DEBUG_INFO = NO;
				MTL_FAST_MATH = YES;
				SDKROOT = iphoneos;
				VALIDATE_PRODUCT = YES;
			};
			name = Release;
		};
		1697797C23180C9200208C43 /* Debug */ = {
			isa = XCBuildConfiguration;
			buildSettings = {
				ASSETCATALOG_COMPILER_APPICON_NAME = AppIcon;
				CODE_SIGN_STYLE = Automatic;
				DEVELOPMENT_TEAM = 42K2V8ZCLM;
				INFOPLIST_FILE = FYHttpURLProtocol/Info.plist;
				IPHONEOS_DEPLOYMENT_TARGET = 10.0;
				LD_RUNPATH_SEARCH_PATHS = (
					"$(inherited)",
					"@executable_path/Frameworks",
				);
				PRODUCT_BUNDLE_IDENTIFIER = com.xuehu.jack.FYHttpURLProtocol;
				PRODUCT_NAME = "$(TARGET_NAME)";
				TARGETED_DEVICE_FAMILY = "1,2";
			};
			name = Debug;
		};
		1697797D23180C9200208C43 /* Release */ = {
			isa = XCBuildConfiguration;
			buildSettings = {
				ASSETCATALOG_COMPILER_APPICON_NAME = AppIcon;
				CODE_SIGN_STYLE = Automatic;
				DEVELOPMENT_TEAM = 42K2V8ZCLM;
				INFOPLIST_FILE = FYHttpURLProtocol/Info.plist;
				IPHONEOS_DEPLOYMENT_TARGET = 10.0;
				LD_RUNPATH_SEARCH_PATHS = (
					"$(inherited)",
					"@executable_path/Frameworks",
				);
				PRODUCT_BUNDLE_IDENTIFIER = com.xuehu.jack.FYHttpURLProtocol;
				PRODUCT_NAME = "$(TARGET_NAME)";
				TARGETED_DEVICE_FAMILY = "1,2";
			};
			name = Release;
		};
		1697797F23180C9200208C43 /* Debug */ = {
			isa = XCBuildConfiguration;
			buildSettings = {
				BUNDLE_LOADER = "$(TEST_HOST)";
				CODE_SIGN_STYLE = Automatic;
				INFOPLIST_FILE = FYHttpURLProtocolTests/Info.plist;
				LD_RUNPATH_SEARCH_PATHS = (
					"$(inherited)",
					"@executable_path/Frameworks",
					"@loader_path/Frameworks",
				);
				PRODUCT_BUNDLE_IDENTIFIER = com.xuehu.jack.FYHttpURLProtocolTests;
				PRODUCT_NAME = "$(TARGET_NAME)";
				TARGETED_DEVICE_FAMILY = "1,2";
				TEST_HOST = "$(BUILT_PRODUCTS_DIR)/FYHttpURLProtocol.app/FYHttpURLProtocol";
			};
			name = Debug;
		};
		1697798023180C9200208C43 /* Release */ = {
			isa = XCBuildConfiguration;
			buildSettings = {
				BUNDLE_LOADER = "$(TEST_HOST)";
				CODE_SIGN_STYLE = Automatic;
				INFOPLIST_FILE = FYHttpURLProtocolTests/Info.plist;
				LD_RUNPATH_SEARCH_PATHS = (
					"$(inherited)",
					"@executable_path/Frameworks",
					"@loader_path/Frameworks",
				);
				PRODUCT_BUNDLE_IDENTIFIER = com.xuehu.jack.FYHttpURLProtocolTests;
				PRODUCT_NAME = "$(TARGET_NAME)";
				TARGETED_DEVICE_FAMILY = "1,2";
				TEST_HOST = "$(BUILT_PRODUCTS_DIR)/FYHttpURLProtocol.app/FYHttpURLProtocol";
			};
			name = Release;
		};
		1697798223180C9200208C43 /* Debug */ = {
			isa = XCBuildConfiguration;
			buildSettings = {
				CODE_SIGN_STYLE = Automatic;
				INFOPLIST_FILE = FYHttpURLProtocolUITests/Info.plist;
				LD_RUNPATH_SEARCH_PATHS = (
					"$(inherited)",
					"@executable_path/Frameworks",
					"@loader_path/Frameworks",
				);
				PRODUCT_BUNDLE_IDENTIFIER = com.xuehu.jack.FYHttpURLProtocolUITests;
				PRODUCT_NAME = "$(TARGET_NAME)";
				TARGETED_DEVICE_FAMILY = "1,2";
				TEST_TARGET_NAME = FYHttpURLProtocol;
			};
			name = Debug;
		};
		1697798323180C9200208C43 /* Release */ = {
			isa = XCBuildConfiguration;
			buildSettings = {
				CODE_SIGN_STYLE = Automatic;
				INFOPLIST_FILE = FYHttpURLProtocolUITests/Info.plist;
				LD_RUNPATH_SEARCH_PATHS = (
					"$(inherited)",
					"@executable_path/Frameworks",
					"@loader_path/Frameworks",
				);
				PRODUCT_BUNDLE_IDENTIFIER = com.xuehu.jack.FYHttpURLProtocolUITests;
				PRODUCT_NAME = "$(TARGET_NAME)";
				TARGETED_DEVICE_FAMILY = "1,2";
				TEST_TARGET_NAME = FYHttpURLProtocol;
			};
			name = Release;
		};
/* End XCBuildConfiguration section */

/* Begin XCConfigurationList section */
		1697794A23180C9000208C43 /* Build configuration list for PBXProject "FYHttpURLProtocol" */ = {
			isa = XCConfigurationList;
			buildConfigurations = (
				1697797923180C9200208C43 /* Debug */,
				1697797A23180C9200208C43 /* Release */,
			);
			defaultConfigurationIsVisible = 0;
			defaultConfigurationName = Release;
		};
		1697797B23180C9200208C43 /* Build configuration list for PBXNativeTarget "FYHttpURLProtocol" */ = {
			isa = XCConfigurationList;
			buildConfigurations = (
				1697797C23180C9200208C43 /* Debug */,
				1697797D23180C9200208C43 /* Release */,
			);
			defaultConfigurationIsVisible = 0;
			defaultConfigurationName = Release;
		};
		1697797E23180C9200208C43 /* Build configuration list for PBXNativeTarget "FYHttpURLProtocolTests" */ = {
			isa = XCConfigurationList;
			buildConfigurations = (
				1697797F23180C9200208C43 /* Debug */,
				1697798023180C9200208C43 /* Release */,
			);
			defaultConfigurationIsVisible = 0;
			defaultConfigurationName = Release;
		};
		1697798123180C9200208C43 /* Build configuration list for PBXNativeTarget "FYHttpURLProtocolUITests" */ = {
			isa = XCConfigurationList;
			buildConfigurations = (
				1697798223180C9200208C43 /* Debug */,
				1697798323180C9200208C43 /* Release */,
			);
			defaultConfigurationIsVisible = 0;
			defaultConfigurationName = Release;
		};
/* End XCConfigurationList section */
	};
	rootObject = 1697794723180C9000208C43 /* Project object */;
}
